
Microsoft Visual Studio Solution File, Format Version 12.00
# Visual Studio 15
VisualStudioVersion = 15.0.27130.2036
MinimumVisualStudioVersion = 10.0.40219.1
Project("{FAE04EC0-301F-11D3-BF4B-00C04F79EFBC}") = "Test-", "Test-\Test-.csproj", "{42ECA834-F8DC-4FD6-87C7-B6A7779BD12C}"
EndProject
Project("{FAE04EC0-301F-11D3-BF4B-00C04F79EFBC}") = "UnitTestProject", "UnitTestProject\UnitTestProject.csproj", "{256F1B66-7380-49E7-B75A-EAE175811103}"
EndProject
Global
	GlobalSection(SolutionConfigurationPlatforms) = preSolution
		Debug|Any CPU = Debug|Any CPU
		Release|Any CPU = Release|Any CPU
	EndGlobalSection
	GlobalSection(ProjectConfigurationPlatforms) = postSolution
		{42ECA834-F8DC-4FD6-87C7-B6A7779BD12C}.Debug|Any CPU.ActiveCfg = Debug|Any CPU
		{42ECA834-F8DC-4FD6-87C7-B6A7779BD12C}.Debug|Any CPU.Build.0 = Debug|Any CPU
		{42ECA834-F8DC-4FD6-87C7-B6A7779BD12C}.Release|Any CPU.ActiveCfg = Release|Any CPU
		{42ECA834-F8DC-4FD6-87C7-B6A7779BD12C}.Release|Any CPU.Build.0 = Release|Any CPU
		{256F1B66-7380-49E7-B75A-EAE175811103}.Debug|Any CPU.ActiveCfg = Debug|Any CPU
		{256F1B66-7380-49E7-B75A-EAE175811103}.Debug|Any CPU.Build.0 = Debug|Any CPU
		{256F1B66-7380-49E7-B75A-EAE175811103}.Release|Any CPU.ActiveCfg = Release|Any CPU
		{256F1B66-7380-49E7-B75A-EAE175811103}.Release|Any CPU.Build.0 = Release|Any CPU
	EndGlobalSection
	GlobalSection(SolutionProperties) = preSolution
		HideSolutionNode = FALSE
	EndGlobalSection
	GlobalSection(ExtensibilityGlobals) = postSolution
		SolutionGuid = {07AB4D6D-962F-496D-B6DE-EBAD42743464}
	EndGlobalSection
EndGlobal
